// !$*UTF8*$!
{
	archiveVersion = 1;
	classes = {
	};
	objectVersion = 56;
	objects = {

/* Begin PBXBuildFile section */
		2E03524D299C7FAA00FF3648 /* Accelerate.framework in Frameworks */ = {isa = PBXBuildFile; fileRef = 2E03524C299C7FAA00FF3648 /* Accelerate.framework */; };
		2E03524F299C7FB200FF3648 /* CoreData.framework in Frameworks */ = {isa = PBXBuildFile; fileRef = 2E03524E299C7FB200FF3648 /* CoreData.framework */; };
		2E035251299C7FBA00FF3648 /* CoreGraphics.framework in Frameworks */ = {isa = PBXBuildFile; fileRef = 2E035250299C7FBA00FF3648 /* CoreGraphics.framework */; };
		2E035253299C7FC200FF3648 /* CoreImage.framework in Frameworks */ = {isa = PBXBuildFile; fileRef = 2E035252299C7FC200FF3648 /* CoreImage.framework */; };
		2E035255299C7FC900FF3648 /* CoreLocation.framework in Frameworks */ = {isa = PBXBuildFile; fileRef = 2E035254299C7FC900FF3648 /* CoreLocation.framework */; };
		2E035257299C7FD100FF3648 /* CoreTelephony.framework in Frameworks */ = {isa = PBXBuildFile; fileRef = 2E035256299C7FD100FF3648 /* CoreTelephony.framework */; };
		2E035259299C7FD900FF3648 /* CoreText.framework in Frameworks */ = {isa = PBXBuildFile; fileRef = 2E035258299C7FD900FF3648 /* CoreText.framework */; };
		2E03525B299C7FDF00FF3648 /* GLKit.framework in Frameworks */ = {isa = PBXBuildFile; fileRef = 2E03525A299C7FDF00FF3648 /* GLKit.framework */; };
		2E03525D299C7FE400FF3648 /* ImageIO.framework in Frameworks */ = {isa = PBXBuildFile; fileRef = 2E03525C299C7FE400FF3648 /* ImageIO.framework */; };
		2E03525F299C7FEE00FF3648 /* libc++.tbd in Frameworks */ = {isa = PBXBuildFile; fileRef = 2E03525E299C7FEE00FF3648 /* libc++.tbd */; };
		2E035261299C7FF500FF3648 /* libz.tbd in Frameworks */ = {isa = PBXBuildFile; fileRef = 2E035260299C7FF500FF3648 /* libz.tbd */; };
		2E035263299C7FFD00FF3648 /* Metal.framework in Frameworks */ = {isa = PBXBuildFile; fileRef = 2E035262299C7FFD00FF3648 /* Metal.framework */; };
		2E035265299C800300FF3648 /* OpenGLES.framework in Frameworks */ = {isa = PBXBuildFile; fileRef = 2E035264299C800300FF3648 /* OpenGLES.framework */; };
		2E035267299C800A00FF3648 /* QuartzCore.framework in Frameworks */ = {isa = PBXBuildFile; fileRef = 2E035266299C800A00FF3648 /* QuartzCore.framework */; };
		2E035269299C801100FF3648 /* SystemConfiguration.framework in Frameworks */ = {isa = PBXBuildFile; fileRef = 2E035268299C801100FF3648 /* SystemConfiguration.framework */; };
		2E03526B299C801900FF3648 /* UIKit.framework in Frameworks */ = {isa = PBXBuildFile; fileRef = 2E03526A299C801900FF3648 /* UIKit.framework */; };
		2E3B5D5729BBF44600C6B58B /* GoogleMaps.bundle in Resources */ = {isa = PBXBuildFile; fileRef = 2E3B5D5629BBF44600C6B58B /* GoogleMaps.bundle */; };
		2E80933929987905003172FE /* MapView.swift in Sources */ = {isa = PBXBuildFile; fileRef = 2E80933829987905003172FE /* MapView.swift */; };
		2E8DE76B299EC8A500841827 /* GoogleService-Info.plist in Resources */ = {isa = PBXBuildFile; fileRef = 2E8DE76A299EC8A500841827 /* GoogleService-Info.plist */; };
		426FB71C29B243C70059A1A4 /* iPhoneNumberField in Frameworks */ = {isa = PBXBuildFile; productRef = 5B472A7629A2B1C900A88595 /* iPhoneNumberField */; };
		42806F1B2979FA7F002AD464 /* Vehicle_to_GridApp.swift in Sources */ = {isa = PBXBuildFile; fileRef = 42806F1A2979FA7F002AD464 /* Vehicle_to_GridApp.swift */; };
		42806F1D2979FA7F002AD464 /* LoginView.swift in Sources */ = {isa = PBXBuildFile; fileRef = 42806F1C2979FA7F002AD464 /* LoginView.swift */; };
		42806F1F2979FA82002AD464 /* Assets.xcassets in Resources */ = {isa = PBXBuildFile; fileRef = 42806F1E2979FA82002AD464 /* Assets.xcassets */; };
		42806F222979FA82002AD464 /* Preview Assets.xcassets in Resources */ = {isa = PBXBuildFile; fileRef = 42806F212979FA82002AD464 /* Preview Assets.xcassets */; };
		42DFA00E29B5569E00E0C20B /* MapViewModel.swift in Sources */ = {isa = PBXBuildFile; fileRef = 42DFA00D29B5569E00E0C20B /* MapViewModel.swift */; };
		42E881E3299ECE4E00EC6016 /* (null) in Resources */ = {isa = PBXBuildFile; };
		42E881E529A16F2B00EC6016 /* MainView.swift in Sources */ = {isa = PBXBuildFile; fileRef = 42E881E429A16F2B00EC6016 /* MainView.swift */; };
		522DD91129899C080023FE84 /* FirebaseAuth in Frameworks */ = {isa = PBXBuildFile; productRef = 522DD91029899C080023FE84 /* FirebaseAuth */; };
		522DD91329899C080023FE84 /* FirebaseAuthCombine-Community in Frameworks */ = {isa = PBXBuildFile; productRef = 522DD91229899C080023FE84 /* FirebaseAuthCombine-Community */; };
		522DD91529899C080023FE84 /* FirebaseDatabase in Frameworks */ = {isa = PBXBuildFile; productRef = 522DD91429899C080023FE84 /* FirebaseDatabase */; };
		522DD91729899C080023FE84 /* FirebaseDatabaseSwift in Frameworks */ = {isa = PBXBuildFile; productRef = 522DD91629899C080023FE84 /* FirebaseDatabaseSwift */; };
		522DD91929899C080023FE84 /* FirebaseFirestore in Frameworks */ = {isa = PBXBuildFile; productRef = 522DD91829899C080023FE84 /* FirebaseFirestore */; };
		522DD91B29899C080023FE84 /* FirebaseFirestoreCombine-Community in Frameworks */ = {isa = PBXBuildFile; productRef = 522DD91A29899C080023FE84 /* FirebaseFirestoreCombine-Community */; };
		522DD91D29899C080023FE84 /* FirebaseFirestoreSwift in Frameworks */ = {isa = PBXBuildFile; productRef = 522DD91C29899C080023FE84 /* FirebaseFirestoreSwift */; };
		52314C7D29A551AC0038149E /* UserViewModel.swift in Sources */ = {isa = PBXBuildFile; fileRef = 52314C7C29A551AC0038149E /* UserViewModel.swift */; };
		52CC769A2992E174001CE16B /* UserModel.swift in Sources */ = {isa = PBXBuildFile; fileRef = 52CC76992992E174001CE16B /* UserModel.swift */; };
		5B472A74299EF36C00A88595 /* RegisterView.swift in Sources */ = {isa = PBXBuildFile; fileRef = 5B472A73299EF36C00A88595 /* RegisterView.swift */; };
		7C21381929B3032A00FE8598 /* GoogleMapsViewRepresentable.swift in Sources */ = {isa = PBXBuildFile; fileRef = 7C21381829B3032A00FE8598 /* GoogleMapsViewRepresentable.swift */; };
		7CA5B9E1299DDB9B007ED04A /* GoogleMaps.xcframework in Frameworks */ = {isa = PBXBuildFile; fileRef = 7CA5B9DE299DDB99007ED04A /* GoogleMaps.xcframework */; };
		7CA5B9E2299DDB9B007ED04A /* GoogleMapsBase.xcframework in Frameworks */ = {isa = PBXBuildFile; fileRef = 7CA5B9DF299DDB9A007ED04A /* GoogleMapsBase.xcframework */; };
		7CA5B9E3299DDB9B007ED04A /* GoogleMapsCore.xcframework in Frameworks */ = {isa = PBXBuildFile; fileRef = 7CA5B9E0299DDB9A007ED04A /* GoogleMapsCore.xcframework */; };
		7CA5B9E6299DE02A007ED04A /* SwiftLocation in Frameworks */ = {isa = PBXBuildFile; productRef = 7CA5B9E5299DE02A007ED04A /* SwiftLocation */; };
/* End PBXBuildFile section */

/* Begin PBXFileReference section */
		2E03524C299C7FAA00FF3648 /* Accelerate.framework */ = {isa = PBXFileReference; lastKnownFileType = wrapper.framework; name = Accelerate.framework; path = System/Library/Frameworks/Accelerate.framework; sourceTree = SDKROOT; };
		2E03524E299C7FB200FF3648 /* CoreData.framework */ = {isa = PBXFileReference; lastKnownFileType = wrapper.framework; name = CoreData.framework; path = System/Library/Frameworks/CoreData.framework; sourceTree = SDKROOT; };
		2E035250299C7FBA00FF3648 /* CoreGraphics.framework */ = {isa = PBXFileReference; lastKnownFileType = wrapper.framework; name = CoreGraphics.framework; path = System/Library/Frameworks/CoreGraphics.framework; sourceTree = SDKROOT; };
		2E035252299C7FC200FF3648 /* CoreImage.framework */ = {isa = PBXFileReference; lastKnownFileType = wrapper.framework; name = CoreImage.framework; path = System/Library/Frameworks/CoreImage.framework; sourceTree = SDKROOT; };
		2E035254299C7FC900FF3648 /* CoreLocation.framework */ = {isa = PBXFileReference; lastKnownFileType = wrapper.framework; name = CoreLocation.framework; path = System/Library/Frameworks/CoreLocation.framework; sourceTree = SDKROOT; };
		2E035256299C7FD100FF3648 /* CoreTelephony.framework */ = {isa = PBXFileReference; lastKnownFileType = wrapper.framework; name = CoreTelephony.framework; path = System/Library/Frameworks/CoreTelephony.framework; sourceTree = SDKROOT; };
		2E035258299C7FD900FF3648 /* CoreText.framework */ = {isa = PBXFileReference; lastKnownFileType = wrapper.framework; name = CoreText.framework; path = System/Library/Frameworks/CoreText.framework; sourceTree = SDKROOT; };
		2E03525A299C7FDF00FF3648 /* GLKit.framework */ = {isa = PBXFileReference; lastKnownFileType = wrapper.framework; name = GLKit.framework; path = System/Library/Frameworks/GLKit.framework; sourceTree = SDKROOT; };
		2E03525C299C7FE400FF3648 /* ImageIO.framework */ = {isa = PBXFileReference; lastKnownFileType = wrapper.framework; name = ImageIO.framework; path = System/Library/Frameworks/ImageIO.framework; sourceTree = SDKROOT; };
		2E03525E299C7FEE00FF3648 /* libc++.tbd */ = {isa = PBXFileReference; lastKnownFileType = "sourcecode.text-based-dylib-definition"; name = "libc++.tbd"; path = "usr/lib/libc++.tbd"; sourceTree = SDKROOT; };
		2E035260299C7FF500FF3648 /* libz.tbd */ = {isa = PBXFileReference; lastKnownFileType = "sourcecode.text-based-dylib-definition"; name = libz.tbd; path = usr/lib/libz.tbd; sourceTree = SDKROOT; };
		2E035262299C7FFD00FF3648 /* Metal.framework */ = {isa = PBXFileReference; lastKnownFileType = wrapper.framework; name = Metal.framework; path = System/Library/Frameworks/Metal.framework; sourceTree = SDKROOT; };
		2E035264299C800300FF3648 /* OpenGLES.framework */ = {isa = PBXFileReference; lastKnownFileType = wrapper.framework; name = OpenGLES.framework; path = System/Library/Frameworks/OpenGLES.framework; sourceTree = SDKROOT; };
		2E035266299C800A00FF3648 /* QuartzCore.framework */ = {isa = PBXFileReference; lastKnownFileType = wrapper.framework; name = QuartzCore.framework; path = System/Library/Frameworks/QuartzCore.framework; sourceTree = SDKROOT; };
		2E035268299C801100FF3648 /* SystemConfiguration.framework */ = {isa = PBXFileReference; lastKnownFileType = wrapper.framework; name = SystemConfiguration.framework; path = System/Library/Frameworks/SystemConfiguration.framework; sourceTree = SDKROOT; };
		2E03526A299C801900FF3648 /* UIKit.framework */ = {isa = PBXFileReference; lastKnownFileType = wrapper.framework; name = UIKit.framework; path = System/Library/Frameworks/UIKit.framework; sourceTree = SDKROOT; };
		2E3B5D5629BBF44600C6B58B /* GoogleMaps.bundle */ = {isa = PBXFileReference; lastKnownFileType = "wrapper.plug-in"; path = GoogleMaps.bundle; sourceTree = "<group>"; };
		2E80933829987905003172FE /* MapView.swift */ = {isa = PBXFileReference; lastKnownFileType = sourcecode.swift; path = MapView.swift; sourceTree = "<group>"; };
		2E8DE76A299EC8A500841827 /* GoogleService-Info.plist */ = {isa = PBXFileReference; fileEncoding = 4; lastKnownFileType = text.plist.xml; path = "GoogleService-Info.plist"; sourceTree = "<group>"; };
		42806F172979FA7F002AD464 /* Vehicle to Grid.app */ = {isa = PBXFileReference; explicitFileType = wrapper.application; includeInIndex = 0; path = "Vehicle to Grid.app"; sourceTree = BUILT_PRODUCTS_DIR; };
		42806F1A2979FA7F002AD464 /* Vehicle_to_GridApp.swift */ = {isa = PBXFileReference; lastKnownFileType = sourcecode.swift; path = Vehicle_to_GridApp.swift; sourceTree = "<group>"; };
		42806F1C2979FA7F002AD464 /* LoginView.swift */ = {isa = PBXFileReference; lastKnownFileType = sourcecode.swift; path = LoginView.swift; sourceTree = "<group>"; };
		42806F1E2979FA82002AD464 /* Assets.xcassets */ = {isa = PBXFileReference; lastKnownFileType = folder.assetcatalog; path = Assets.xcassets; sourceTree = "<group>"; };
		42806F212979FA82002AD464 /* Preview Assets.xcassets */ = {isa = PBXFileReference; lastKnownFileType = folder.assetcatalog; path = "Preview Assets.xcassets"; sourceTree = "<group>"; };
		42DFA00D29B5569E00E0C20B /* MapViewModel.swift */ = {isa = PBXFileReference; fileEncoding = 4; lastKnownFileType = sourcecode.swift; path = MapViewModel.swift; sourceTree = "<group>"; };
		42E881E429A16F2B00EC6016 /* MainView.swift */ = {isa = PBXFileReference; lastKnownFileType = sourcecode.swift; path = MainView.swift; sourceTree = "<group>"; };
		52314C7C29A551AC0038149E /* UserViewModel.swift */ = {isa = PBXFileReference; lastKnownFileType = sourcecode.swift; path = UserViewModel.swift; sourceTree = "<group>"; };
		52CC76992992E174001CE16B /* UserModel.swift */ = {isa = PBXFileReference; lastKnownFileType = sourcecode.swift; path = UserModel.swift; sourceTree = "<group>"; };
		5B472A73299EF36C00A88595 /* RegisterView.swift */ = {isa = PBXFileReference; lastKnownFileType = sourcecode.swift; path = RegisterView.swift; sourceTree = "<group>"; };
		7C21381829B3032A00FE8598 /* GoogleMapsViewRepresentable.swift */ = {isa = PBXFileReference; lastKnownFileType = sourcecode.swift; path = GoogleMapsViewRepresentable.swift; sourceTree = "<group>"; };
		7CA5B9DE299DDB99007ED04A /* GoogleMaps.xcframework */ = {isa = PBXFileReference; lastKnownFileType = wrapper.xcframework; path = GoogleMaps.xcframework; sourceTree = "<group>"; };
		7CA5B9DF299DDB9A007ED04A /* GoogleMapsBase.xcframework */ = {isa = PBXFileReference; lastKnownFileType = wrapper.xcframework; path = GoogleMapsBase.xcframework; sourceTree = "<group>"; };
		7CA5B9E0299DDB9A007ED04A /* GoogleMapsCore.xcframework */ = {isa = PBXFileReference; lastKnownFileType = wrapper.xcframework; path = GoogleMapsCore.xcframework; sourceTree = "<group>"; };
/* End PBXFileReference section */

/* Begin PBXFrameworksBuildPhase section */
		42806F142979FA7F002AD464 /* Frameworks */ = {
			isa = PBXFrameworksBuildPhase;
			buildActionMask = 2147483647;
			files = (
				426FB71C29B243C70059A1A4 /* iPhoneNumberField in Frameworks */,
				2E03526B299C801900FF3648 /* UIKit.framework in Frameworks */,
				2E035269299C801100FF3648 /* SystemConfiguration.framework in Frameworks */,
				2E035267299C800A00FF3648 /* QuartzCore.framework in Frameworks */,
				7CA5B9E1299DDB9B007ED04A /* GoogleMaps.xcframework in Frameworks */,
				7CA5B9E6299DE02A007ED04A /* SwiftLocation in Frameworks */,
				2E035265299C800300FF3648 /* OpenGLES.framework in Frameworks */,
				7CA5B9E2299DDB9B007ED04A /* GoogleMapsBase.xcframework in Frameworks */,
				2E035263299C7FFD00FF3648 /* Metal.framework in Frameworks */,
				2E035261299C7FF500FF3648 /* libz.tbd in Frameworks */,
				7CA5B9E3299DDB9B007ED04A /* GoogleMapsCore.xcframework in Frameworks */,
				2E03525F299C7FEE00FF3648 /* libc++.tbd in Frameworks */,
				2E03525D299C7FE400FF3648 /* ImageIO.framework in Frameworks */,
				2E03525B299C7FDF00FF3648 /* GLKit.framework in Frameworks */,
				2E035259299C7FD900FF3648 /* CoreText.framework in Frameworks */,
				2E035257299C7FD100FF3648 /* CoreTelephony.framework in Frameworks */,
				2E035255299C7FC900FF3648 /* CoreLocation.framework in Frameworks */,
				2E035253299C7FC200FF3648 /* CoreImage.framework in Frameworks */,
				2E035251299C7FBA00FF3648 /* CoreGraphics.framework in Frameworks */,
				2E03524F299C7FB200FF3648 /* CoreData.framework in Frameworks */,
				2E03524D299C7FAA00FF3648 /* Accelerate.framework in Frameworks */,
				522DD91729899C080023FE84 /* FirebaseDatabaseSwift in Frameworks */,
				522DD91529899C080023FE84 /* FirebaseDatabase in Frameworks */,
				522DD91129899C080023FE84 /* FirebaseAuth in Frameworks */,
				522DD91D29899C080023FE84 /* FirebaseFirestoreSwift in Frameworks */,
				522DD91B29899C080023FE84 /* FirebaseFirestoreCombine-Community in Frameworks */,
				522DD91929899C080023FE84 /* FirebaseFirestore in Frameworks */,
				522DD91329899C080023FE84 /* FirebaseAuthCombine-Community in Frameworks */,
			);
			runOnlyForDeploymentPostprocessing = 0;
		};
/* End PBXFrameworksBuildPhase section */

/* Begin PBXGroup section */
		2E03524B299C7FAA00FF3648 /* Frameworks */ = {
			isa = PBXGroup;
			children = (
				2E03526A299C801900FF3648 /* UIKit.framework */,
				2E035268299C801100FF3648 /* SystemConfiguration.framework */,
				2E035266299C800A00FF3648 /* QuartzCore.framework */,
				2E035264299C800300FF3648 /* OpenGLES.framework */,
				2E035262299C7FFD00FF3648 /* Metal.framework */,
				2E035260299C7FF500FF3648 /* libz.tbd */,
				2E03525E299C7FEE00FF3648 /* libc++.tbd */,
				2E03525C299C7FE400FF3648 /* ImageIO.framework */,
				2E03525A299C7FDF00FF3648 /* GLKit.framework */,
				2E035258299C7FD900FF3648 /* CoreText.framework */,
				2E035256299C7FD100FF3648 /* CoreTelephony.framework */,
				2E035254299C7FC900FF3648 /* CoreLocation.framework */,
				2E035252299C7FC200FF3648 /* CoreImage.framework */,
				2E035250299C7FBA00FF3648 /* CoreGraphics.framework */,
				2E03524E299C7FB200FF3648 /* CoreData.framework */,
				2E03524C299C7FAA00FF3648 /* Accelerate.framework */,
			);
			name = Frameworks;
			sourceTree = "<group>";
		};
		42806F0E2979FA7F002AD464 = {
			isa = PBXGroup;
			children = (
				7CA5B9DE299DDB99007ED04A /* GoogleMaps.xcframework */,
				2E3B5D5629BBF44600C6B58B /* GoogleMaps.bundle */,
				7CA5B9DF299DDB9A007ED04A /* GoogleMapsBase.xcframework */,
				2E8DE76A299EC8A500841827 /* GoogleService-Info.plist */,
				7CA5B9E0299DDB9A007ED04A /* GoogleMapsCore.xcframework */,
				42806F192979FA7F002AD464 /* Vehicle to Grid */,
				42806F182979FA7F002AD464 /* Products */,
				2E03524B299C7FAA00FF3648 /* Frameworks */,
			);
			sourceTree = "<group>";
		};
		42806F182979FA7F002AD464 /* Products */ = {
			isa = PBXGroup;
			children = (
				42806F172979FA7F002AD464 /* Vehicle to Grid.app */,
			);
			name = Products;
			sourceTree = "<group>";
		};
		42806F192979FA7F002AD464 /* Vehicle to Grid */ = {
			isa = PBXGroup;
			children = (
				42806F1A2979FA7F002AD464 /* Vehicle_to_GridApp.swift */,
				52CC76962992E104001CE16B /* View */,
				52314C7B29A551900038149E /* ViewModel */,
				52CC76942992E0F0001CE16B /* Model */,
				42806F1E2979FA82002AD464 /* Assets.xcassets */,
				42806F202979FA82002AD464 /* Preview Content */,
			);
			path = "Vehicle to Grid";
			sourceTree = "<group>";
		};
		42806F202979FA82002AD464 /* Preview Content */ = {
			isa = PBXGroup;
			children = (
				42806F212979FA82002AD464 /* Preview Assets.xcassets */,
			);
			path = "Preview Content";
			sourceTree = "<group>";
		};
		42DFA00C29B5569000E0C20B /* Map */ = {
			isa = PBXGroup;
			children = (
				42DFA00D29B5569E00E0C20B /* MapViewModel.swift */,
			);
			path = Map;
			sourceTree = "<group>";
		};
		52314C7B29A551900038149E /* ViewModel */ = {
			isa = PBXGroup;
			children = (
				42DFA00C29B5569000E0C20B /* Map */,
				52314C7C29A551AC0038149E /* UserViewModel.swift */,
			);
			path = ViewModel;
			sourceTree = "<group>";
		};
		52CC76942992E0F0001CE16B /* Model */ = {
			isa = PBXGroup;
			children = (
				52CC76992992E174001CE16B /* UserModel.swift */,
			);
			path = Model;
			sourceTree = "<group>";
		};
		52CC76962992E104001CE16B /* View */ = {
			isa = PBXGroup;
			children = (
				42E881E429A16F2B00EC6016 /* MainView.swift */,
				42806F1C2979FA7F002AD464 /* LoginView.swift */,
				5B472A73299EF36C00A88595 /* RegisterView.swift */,
				7C21381729B3031500FE8598 /* Map */,
			);
			path = View;
			sourceTree = "<group>";
		};
		7C21381729B3031500FE8598 /* Map */ = {
			isa = PBXGroup;
			children = (
				2E80933829987905003172FE /* MapView.swift */,
				7C21381829B3032A00FE8598 /* GoogleMapsViewRepresentable.swift */,
			);
			path = Map;
			sourceTree = "<group>";
		};
/* End PBXGroup section */

/* Begin PBXNativeTarget section */
		42806F162979FA7F002AD464 /* Vehicle to Grid */ = {
			isa = PBXNativeTarget;
			buildConfigurationList = 42806F252979FA82002AD464 /* Build configuration list for PBXNativeTarget "Vehicle to Grid" */;
			buildPhases = (
				42806F132979FA7F002AD464 /* Sources */,
				42806F142979FA7F002AD464 /* Frameworks */,
				42806F152979FA7F002AD464 /* Resources */,
			);
			buildRules = (
			);
			dependencies = (
			);
			name = "Vehicle to Grid";
			packageProductDependencies = (
				522DD91029899C080023FE84 /* FirebaseAuth */,
				522DD91229899C080023FE84 /* FirebaseAuthCombine-Community */,
				522DD91429899C080023FE84 /* FirebaseDatabase */,
				522DD91629899C080023FE84 /* FirebaseDatabaseSwift */,
				522DD91829899C080023FE84 /* FirebaseFirestore */,
				522DD91A29899C080023FE84 /* FirebaseFirestoreCombine-Community */,
				522DD91C29899C080023FE84 /* FirebaseFirestoreSwift */,
				5B472A7629A2B1C900A88595 /* iPhoneNumberField */,
				7CA5B9E5299DE02A007ED04A /* SwiftLocation */,
			);
			productName = "Vehicle to Grid";
			productReference = 42806F172979FA7F002AD464 /* Vehicle to Grid.app */;
			productType = "com.apple.product-type.application";
		};
/* End PBXNativeTarget section */

/* Begin PBXProject section */
		42806F0F2979FA7F002AD464 /* Project object */ = {
			isa = PBXProject;
			attributes = {
				BuildIndependentTargetsInParallel = 1;
				LastSwiftUpdateCheck = 1420;
				LastUpgradeCheck = 1420;
				TargetAttributes = {
					42806F162979FA7F002AD464 = {
						CreatedOnToolsVersion = 14.2;
					};
				};
			};
			buildConfigurationList = 42806F122979FA7F002AD464 /* Build configuration list for PBXProject "Vehicle to Grid" */;
			compatibilityVersion = "Xcode 14.0";
			developmentRegion = en;
			hasScannedForEncodings = 0;
			knownRegions = (
				en,
				Base,
			);
			mainGroup = 42806F0E2979FA7F002AD464;
			packageReferences = (
				522DD90F29899C080023FE84 /* XCRemoteSwiftPackageReference "firebase-ios-sdk" */,
				5B472A7529A2B1C800A88595 /* XCRemoteSwiftPackageReference "iPhoneNumberField" */,
				5B472A7829A2B4B900A88595 /* XCRemoteSwiftPackageReference "iTextField" */,
				7CA5B9E4299DE02A007ED04A /* XCRemoteSwiftPackageReference "SwiftLocation" */,
			);
			productRefGroup = 42806F182979FA7F002AD464 /* Products */;
			projectDirPath = "";
			projectRoot = "";
			targets = (
				42806F162979FA7F002AD464 /* Vehicle to Grid */,
			);
		};
/* End PBXProject section */

/* Begin PBXResourcesBuildPhase section */
		42806F152979FA7F002AD464 /* Resources */ = {
			isa = PBXResourcesBuildPhase;
			buildActionMask = 2147483647;
			files = (
				42806F222979FA82002AD464 /* Preview Assets.xcassets in Resources */,
				2E8DE76B299EC8A500841827 /* GoogleService-Info.plist in Resources */,
				42806F1F2979FA82002AD464 /* Assets.xcassets in Resources */,
				42E881E3299ECE4E00EC6016 /* (null) in Resources */,
				2E3B5D5729BBF44600C6B58B /* GoogleMaps.bundle in Resources */,
			);
			runOnlyForDeploymentPostprocessing = 0;
		};
/* End PBXResourcesBuildPhase section */

/* Begin PBXSourcesBuildPhase section */
		42806F132979FA7F002AD464 /* Sources */ = {
			isa = PBXSourcesBuildPhase;
			buildActionMask = 2147483647;
			files = (
				42E881E529A16F2B00EC6016 /* MainView.swift in Sources */,
				42DFA00E29B5569E00E0C20B /* MapViewModel.swift in Sources */,
				52314C7D29A551AC0038149E /* UserViewModel.swift in Sources */,
				42806F1D2979FA7F002AD464 /* LoginView.swift in Sources */,
				5B472A74299EF36C00A88595 /* RegisterView.swift in Sources */,
				2E80933929987905003172FE /* MapView.swift in Sources */,
				7C21381929B3032A00FE8598 /* GoogleMapsViewRepresentable.swift in Sources */,
				52CC769A2992E174001CE16B /* UserModel.swift in Sources */,
				42806F1B2979FA7F002AD464 /* Vehicle_to_GridApp.swift in Sources */,
			);
			runOnlyForDeploymentPostprocessing = 0;
		};
/* End PBXSourcesBuildPhase section */

/* Begin XCBuildConfiguration section */
		42806F232979FA82002AD464 /* Debug */ = {
			isa = XCBuildConfiguration;
			buildSettings = {
				ALWAYS_SEARCH_USER_PATHS = NO;
				CLANG_ANALYZER_NONNULL = YES;
				CLANG_ANALYZER_NUMBER_OBJECT_CONVERSION = YES_AGGRESSIVE;
				CLANG_CXX_LANGUAGE_STANDARD = "gnu++20";
				CLANG_ENABLE_MODULES = YES;
				CLANG_ENABLE_OBJC_ARC = YES;
				CLANG_ENABLE_OBJC_WEAK = YES;
				CLANG_WARN_BLOCK_CAPTURE_AUTORELEASING = YES;
				CLANG_WARN_BOOL_CONVERSION = YES;
				CLANG_WARN_COMMA = YES;
				CLANG_WARN_CONSTANT_CONVERSION = YES;
				CLANG_WARN_DEPRECATED_OBJC_IMPLEMENTATIONS = YES;
				CLANG_WARN_DIRECT_OBJC_ISA_USAGE = YES_ERROR;
				CLANG_WARN_DOCUMENTATION_COMMENTS = YES;
				CLANG_WARN_EMPTY_BODY = YES;
				CLANG_WARN_ENUM_CONVERSION = YES;
				CLANG_WARN_INFINITE_RECURSION = YES;
				CLANG_WARN_INT_CONVERSION = YES;
				CLANG_WARN_NON_LITERAL_NULL_CONVERSION = YES;
				CLANG_WARN_OBJC_IMPLICIT_RETAIN_SELF = YES;
				CLANG_WARN_OBJC_LITERAL_CONVERSION = YES;
				CLANG_WARN_OBJC_ROOT_CLASS = YES_ERROR;
				CLANG_WARN_QUOTED_INCLUDE_IN_FRAMEWORK_HEADER = YES;
				CLANG_WARN_RANGE_LOOP_ANALYSIS = YES;
				CLANG_WARN_STRICT_PROTOTYPES = YES;
				CLANG_WARN_SUSPICIOUS_MOVE = YES;
				CLANG_WARN_UNGUARDED_AVAILABILITY = YES_AGGRESSIVE;
				CLANG_WARN_UNREACHABLE_CODE = YES;
				CLANG_WARN__DUPLICATE_METHOD_MATCH = YES;
				COPY_PHASE_STRIP = NO;
				DEBUG_INFORMATION_FORMAT = dwarf;
				ENABLE_STRICT_OBJC_MSGSEND = YES;
				ENABLE_TESTABILITY = YES;
				GCC_C_LANGUAGE_STANDARD = gnu11;
				GCC_DYNAMIC_NO_PIC = NO;
				GCC_NO_COMMON_BLOCKS = YES;
				GCC_OPTIMIZATION_LEVEL = 0;
				GCC_PREPROCESSOR_DEFINITIONS = (
					"DEBUG=1",
					"$(inherited)",
				);
				GCC_WARN_64_TO_32_BIT_CONVERSION = YES;
				GCC_WARN_ABOUT_RETURN_TYPE = YES_ERROR;
				GCC_WARN_UNDECLARED_SELECTOR = YES;
				GCC_WARN_UNINITIALIZED_AUTOS = YES_AGGRESSIVE;
				GCC_WARN_UNUSED_FUNCTION = YES;
				GCC_WARN_UNUSED_VARIABLE = YES;
				IPHONEOS_DEPLOYMENT_TARGET = 16.2;
				MTL_ENABLE_DEBUG_INFO = INCLUDE_SOURCE;
				MTL_FAST_MATH = YES;
				ONLY_ACTIVE_ARCH = YES;
				OTHER_LDFLAGS = "-ObjC";
				SDKROOT = iphoneos;
				SWIFT_ACTIVE_COMPILATION_CONDITIONS = DEBUG;
				SWIFT_OPTIMIZATION_LEVEL = "-Onone";
			};
			name = Debug;
		};
		42806F242979FA82002AD464 /* Release */ = {
			isa = XCBuildConfiguration;
			buildSettings = {
				ALWAYS_SEARCH_USER_PATHS = NO;
				CLANG_ANALYZER_NONNULL = YES;
				CLANG_ANALYZER_NUMBER_OBJECT_CONVERSION = YES_AGGRESSIVE;
				CLANG_CXX_LANGUAGE_STANDARD = "gnu++20";
				CLANG_ENABLE_MODULES = YES;
				CLANG_ENABLE_OBJC_ARC = YES;
				CLANG_ENABLE_OBJC_WEAK = YES;
				CLANG_WARN_BLOCK_CAPTURE_AUTORELEASING = YES;
				CLANG_WARN_BOOL_CONVERSION = YES;
				CLANG_WARN_COMMA = YES;
				CLANG_WARN_CONSTANT_CONVERSION = YES;
				CLANG_WARN_DEPRECATED_OBJC_IMPLEMENTATIONS = YES;
				CLANG_WARN_DIRECT_OBJC_ISA_USAGE = YES_ERROR;
				CLANG_WARN_DOCUMENTATION_COMMENTS = YES;
				CLANG_WARN_EMPTY_BODY = YES;
				CLANG_WARN_ENUM_CONVERSION = YES;
				CLANG_WARN_INFINITE_RECURSION = YES;
				CLANG_WARN_INT_CONVERSION = YES;
				CLANG_WARN_NON_LITERAL_NULL_CONVERSION = YES;
				CLANG_WARN_OBJC_IMPLICIT_RETAIN_SELF = YES;
				CLANG_WARN_OBJC_LITERAL_CONVERSION = YES;
				CLANG_WARN_OBJC_ROOT_CLASS = YES_ERROR;
				CLANG_WARN_QUOTED_INCLUDE_IN_FRAMEWORK_HEADER = YES;
				CLANG_WARN_RANGE_LOOP_ANALYSIS = YES;
				CLANG_WARN_STRICT_PROTOTYPES = YES;
				CLANG_WARN_SUSPICIOUS_MOVE = YES;
				CLANG_WARN_UNGUARDED_AVAILABILITY = YES_AGGRESSIVE;
				CLANG_WARN_UNREACHABLE_CODE = YES;
				CLANG_WARN__DUPLICATE_METHOD_MATCH = YES;
				COPY_PHASE_STRIP = NO;
				DEBUG_INFORMATION_FORMAT = "dwarf-with-dsym";
				ENABLE_NS_ASSERTIONS = NO;
				ENABLE_STRICT_OBJC_MSGSEND = YES;
				GCC_C_LANGUAGE_STANDARD = gnu11;
				GCC_NO_COMMON_BLOCKS = YES;
				GCC_WARN_64_TO_32_BIT_CONVERSION = YES;
				GCC_WARN_ABOUT_RETURN_TYPE = YES_ERROR;
				GCC_WARN_UNDECLARED_SELECTOR = YES;
				GCC_WARN_UNINITIALIZED_AUTOS = YES_AGGRESSIVE;
				GCC_WARN_UNUSED_FUNCTION = YES;
				GCC_WARN_UNUSED_VARIABLE = YES;
				IPHONEOS_DEPLOYMENT_TARGET = 16.2;
				MTL_ENABLE_DEBUG_INFO = NO;
				MTL_FAST_MATH = YES;
				OTHER_LDFLAGS = "-ObjC";
				SDKROOT = iphoneos;
				SWIFT_COMPILATION_MODE = wholemodule;
				SWIFT_OPTIMIZATION_LEVEL = "-O";
				VALIDATE_PRODUCT = YES;
			};
			name = Release;
		};
		42806F262979FA82002AD464 /* Debug */ = {
			isa = XCBuildConfiguration;
			buildSettings = {
				ASSETCATALOG_COMPILER_APPICON_NAME = AppIcon;
				ASSETCATALOG_COMPILER_GLOBAL_ACCENT_COLOR_NAME = AccentColor;
				CODE_SIGN_STYLE = Automatic;
				CURRENT_PROJECT_VERSION = 1;
				DEVELOPMENT_ASSET_PATHS = "\"Vehicle to Grid/Preview Content\"";
				DEVELOPMENT_TEAM = 3544DPAXZX;
				ENABLE_PREVIEWS = YES;
				GENERATE_INFOPLIST_FILE = YES;
				HEADER_SEARCH_PATHS = "";
				INFOPLIST_KEY_LSApplicationCategoryType = "public.app-category.utilities";
				INFOPLIST_KEY_NSLocationWhenInUseUsageDescription = "Location is used to determine nearby charging stations and areas of grid need";
				INFOPLIST_KEY_UIApplicationSceneManifest_Generation = YES;
				INFOPLIST_KEY_UIApplicationSupportsIndirectInputEvents = YES;
				INFOPLIST_KEY_UILaunchScreen_Generation = YES;
				INFOPLIST_KEY_UISupportedInterfaceOrientations = UIInterfaceOrientationPortrait;
				INFOPLIST_KEY_UISupportedInterfaceOrientations_iPad = "UIInterfaceOrientationLandscapeLeft UIInterfaceOrientationLandscapeRight UIInterfaceOrientationPortrait UIInterfaceOrientationPortraitUpsideDown";
				IPHONEOS_DEPLOYMENT_TARGET = 16.2;
				LD_RUNPATH_SEARCH_PATHS = (
					"$(inherited)",
					"@executable_path/Frameworks",
				);
				MARKETING_VERSION = 1.0;
				PRODUCT_BUNDLE_IDENTIFIER = "edu.uark.capstone.Vehicle-to-Grid";
				PRODUCT_NAME = "$(TARGET_NAME)";
				SWIFT_EMIT_LOC_STRINGS = YES;
				SWIFT_VERSION = 5.0;
				TARGETED_DEVICE_FAMILY = "1,2";
				USER_HEADER_SEARCH_PATHS = "";
			};
			name = Debug;
		};
		42806F272979FA82002AD464 /* Release */ = {
			isa = XCBuildConfiguration;
			buildSettings = {
				ASSETCATALOG_COMPILER_APPICON_NAME = AppIcon;
				ASSETCATALOG_COMPILER_GLOBAL_ACCENT_COLOR_NAME = AccentColor;
				CODE_SIGN_STYLE = Automatic;
				CURRENT_PROJECT_VERSION = 1;
				DEVELOPMENT_ASSET_PATHS = "\"Vehicle to Grid/Preview Content\"";
				DEVELOPMENT_TEAM = 3544DPAXZX;
				ENABLE_PREVIEWS = YES;
				GENERATE_INFOPLIST_FILE = YES;
				HEADER_SEARCH_PATHS = "";
				INFOPLIST_KEY_LSApplicationCategoryType = "public.app-category.utilities";
				INFOPLIST_KEY_NSLocationWhenInUseUsageDescription = "Location is used to determine nearby charging stations and areas of grid need";
				INFOPLIST_KEY_UIApplicationSceneManifest_Generation = YES;
				INFOPLIST_KEY_UIApplicationSupportsIndirectInputEvents = YES;
				INFOPLIST_KEY_UILaunchScreen_Generation = YES;
				INFOPLIST_KEY_UISupportedInterfaceOrientations = UIInterfaceOrientationPortrait;
				INFOPLIST_KEY_UISupportedInterfaceOrientations_iPad = "UIInterfaceOrientationLandscapeLeft UIInterfaceOrientationLandscapeRight UIInterfaceOrientationPortrait UIInterfaceOrientationPortraitUpsideDown";
				IPHONEOS_DEPLOYMENT_TARGET = 16.2;
				LD_RUNPATH_SEARCH_PATHS = (
					"$(inherited)",
					"@executable_path/Frameworks",
				);
				MARKETING_VERSION = 1.0;
				PRODUCT_BUNDLE_IDENTIFIER = "edu.uark.capstone.Vehicle-to-Grid";
				PRODUCT_NAME = "$(TARGET_NAME)";
				SWIFT_EMIT_LOC_STRINGS = YES;
				SWIFT_VERSION = 5.0;
				TARGETED_DEVICE_FAMILY = "1,2";
				USER_HEADER_SEARCH_PATHS = "";
			};
			name = Release;
		};
/* End XCBuildConfiguration section */

/* Begin XCConfigurationList section */
		42806F122979FA7F002AD464 /* Build configuration list for PBXProject "Vehicle to Grid" */ = {
			isa = XCConfigurationList;
			buildConfigurations = (
				42806F232979FA82002AD464 /* Debug */,
				42806F242979FA82002AD464 /* Release */,
			);
			defaultConfigurationIsVisible = 0;
			defaultConfigurationName = Release;
		};
		42806F252979FA82002AD464 /* Build configuration list for PBXNativeTarget "Vehicle to Grid" */ = {
			isa = XCConfigurationList;
			buildConfigurations = (
				42806F262979FA82002AD464 /* Debug */,
				42806F272979FA82002AD464 /* Release */,
			);
			defaultConfigurationIsVisible = 0;
			defaultConfigurationName = Release;
		};
/* End XCConfigurationList section */

/* Begin XCRemoteSwiftPackageReference section */
		522DD90F29899C080023FE84 /* XCRemoteSwiftPackageReference "firebase-ios-sdk" */ = {
			isa = XCRemoteSwiftPackageReference;
			repositoryURL = "https://github.com/firebase/firebase-ios-sdk";
			requirement = {
				branch = master;
				kind = branch;
			};
		};
		5B472A7529A2B1C800A88595 /* XCRemoteSwiftPackageReference "iPhoneNumberField" */ = {
			isa = XCRemoteSwiftPackageReference;
			repositoryURL = "https://github.com/MojtabaHs/iPhoneNumberField.git";
			requirement = {
				kind = upToNextMajorVersion;
				minimumVersion = 0.9.0;
			};
		};
		5B472A7829A2B4B900A88595 /* XCRemoteSwiftPackageReference "iTextField" */ = {
			isa = XCRemoteSwiftPackageReference;
			repositoryURL = "https://github.com/benjaminsage/iTextField";
			requirement = {
				kind = upToNextMajorVersion;
				minimumVersion = 0.0.8;
			};
		};
		7CA5B9E4299DE02A007ED04A /* XCRemoteSwiftPackageReference "SwiftLocation" */ = {
			isa = XCRemoteSwiftPackageReference;
			repositoryURL = "https://github.com/malcommac/SwiftLocation.git";
			requirement = {
				branch = master;
				kind = branch;
			};
		};
/* End XCRemoteSwiftPackageReference section */

/* Begin XCSwiftPackageProductDependency section */
		522DD91029899C080023FE84 /* FirebaseAuth */ = {
			isa = XCSwiftPackageProductDependency;
			package = 522DD90F29899C080023FE84 /* XCRemoteSwiftPackageReference "firebase-ios-sdk" */;
			productName = FirebaseAuth;
		};
		522DD91229899C080023FE84 /* FirebaseAuthCombine-Community */ = {
			isa = XCSwiftPackageProductDependency;
			package = 522DD90F29899C080023FE84 /* XCRemoteSwiftPackageReference "firebase-ios-sdk" */;
			productName = "FirebaseAuthCombine-Community";
		};
		522DD91429899C080023FE84 /* FirebaseDatabase */ = {
			isa = XCSwiftPackageProductDependency;
			package = 522DD90F29899C080023FE84 /* XCRemoteSwiftPackageReference "firebase-ios-sdk" */;
			productName = FirebaseDatabase;
		};
		522DD91629899C080023FE84 /* FirebaseDatabaseSwift */ = {
			isa = XCSwiftPackageProductDependency;
			package = 522DD90F29899C080023FE84 /* XCRemoteSwiftPackageReference "firebase-ios-sdk" */;
			productName = FirebaseDatabaseSwift;
		};
		522DD91829899C080023FE84 /* FirebaseFirestore */ = {
			isa = XCSwiftPackageProductDependency;
			package = 522DD90F29899C080023FE84 /* XCRemoteSwiftPackageReference "firebase-ios-sdk" */;
			productName = FirebaseFirestore;
		};
		522DD91A29899C080023FE84 /* FirebaseFirestoreCombine-Community */ = {
			isa = XCSwiftPackageProductDependency;
			package = 522DD90F29899C080023FE84 /* XCRemoteSwiftPackageReference "firebase-ios-sdk" */;
			productName = "FirebaseFirestoreCombine-Community";
		};
		522DD91C29899C080023FE84 /* FirebaseFirestoreSwift */ = {
			isa = XCSwiftPackageProductDependency;
			package = 522DD90F29899C080023FE84 /* XCRemoteSwiftPackageReference "firebase-ios-sdk" */;
			productName = FirebaseFirestoreSwift;
		};
		5B472A7629A2B1C900A88595 /* iPhoneNumberField */ = {
			isa = XCSwiftPackageProductDependency;
			package = 5B472A7529A2B1C800A88595 /* XCRemoteSwiftPackageReference "iPhoneNumberField" */;
			productName = iPhoneNumberField;
		};
		7CA5B9E5299DE02A007ED04A /* SwiftLocation */ = {
			isa = XCSwiftPackageProductDependency;
			package = 7CA5B9E4299DE02A007ED04A /* XCRemoteSwiftPackageReference "SwiftLocation" */;
			productName = SwiftLocation;
		};
/* End XCSwiftPackageProductDependency section */
	};
	rootObject = 42806F0F2979FA7F002AD464 /* Project object */;
}
