// !$*UTF8*$!
{
	archiveVersion = 1;
	classes = {
	};
	objectVersion = 56;
	objects = {

/* Begin PBXBuildFile section */
		426FB71C29B243C70059A1A4 /* iPhoneNumberField in Frameworks */ = {isa = PBXBuildFile; productRef = 5B472A7629A2B1C900A88595 /* iPhoneNumberField */; };
		42806F1B2979FA7F002AD464 /* Vehicle_to_GridApp.swift in Sources */ = {isa = PBXBuildFile; fileRef = 42806F1A2979FA7F002AD464 /* Vehicle_to_GridApp.swift */; };
		42806F1D2979FA7F002AD464 /* LoginView.swift in Sources */ = {isa = PBXBuildFile; fileRef = 42806F1C2979FA7F002AD464 /* LoginView.swift */; };
		42806F1F2979FA82002AD464 /* Assets.xcassets in Resources */ = {isa = PBXBuildFile; fileRef = 42806F1E2979FA82002AD464 /* Assets.xcassets */; };
		42806F222979FA82002AD464 /* Preview Assets.xcassets in Resources */ = {isa = PBXBuildFile; fileRef = 42806F212979FA82002AD464 /* Preview Assets.xcassets */; };
		42E881E3299ECE4E00EC6016 /* GoogleService-Info.plist in Resources */ = {isa = PBXBuildFile; fileRef = 522DD90E29899B020023FE84 /* GoogleService-Info.plist */; };
		42E881E529A16F2B00EC6016 /* MainView.swift in Sources */ = {isa = PBXBuildFile; fileRef = 42E881E429A16F2B00EC6016 /* MainView.swift */; };
		522DD91129899C080023FE84 /* FirebaseAuth in Frameworks */ = {isa = PBXBuildFile; productRef = 522DD91029899C080023FE84 /* FirebaseAuth */; };
		522DD91329899C080023FE84 /* FirebaseAuthCombine-Community in Frameworks */ = {isa = PBXBuildFile; productRef = 522DD91229899C080023FE84 /* FirebaseAuthCombine-Community */; };
		522DD91529899C080023FE84 /* FirebaseDatabase in Frameworks */ = {isa = PBXBuildFile; productRef = 522DD91429899C080023FE84 /* FirebaseDatabase */; };
		522DD91729899C080023FE84 /* FirebaseDatabaseSwift in Frameworks */ = {isa = PBXBuildFile; productRef = 522DD91629899C080023FE84 /* FirebaseDatabaseSwift */; };
		522DD91929899C080023FE84 /* FirebaseFirestore in Frameworks */ = {isa = PBXBuildFile; productRef = 522DD91829899C080023FE84 /* FirebaseFirestore */; };
		522DD91B29899C080023FE84 /* FirebaseFirestoreCombine-Community in Frameworks */ = {isa = PBXBuildFile; productRef = 522DD91A29899C080023FE84 /* FirebaseFirestoreCombine-Community */; };
		522DD91D29899C080023FE84 /* FirebaseFirestoreSwift in Frameworks */ = {isa = PBXBuildFile; productRef = 522DD91C29899C080023FE84 /* FirebaseFirestoreSwift */; };
		52314C7D29A551AC0038149E /* UserViewModel.swift in Sources */ = {isa = PBXBuildFile; fileRef = 52314C7C29A551AC0038149E /* UserViewModel.swift */; };
		52CC769A2992E174001CE16B /* UserModel.swift in Sources */ = {isa = PBXBuildFile; fileRef = 52CC76992992E174001CE16B /* UserModel.swift */; };
		5B472A74299EF36C00A88595 /* RegisterView.swift in Sources */ = {isa = PBXBuildFile; fileRef = 5B472A73299EF36C00A88595 /* RegisterView.swift */; };
/* End PBXBuildFile section */

/* Begin PBXFileReference section */
		42806F172979FA7F002AD464 /* Vehicle to Grid.app */ = {isa = PBXFileReference; explicitFileType = wrapper.application; includeInIndex = 0; path = "Vehicle to Grid.app"; sourceTree = BUILT_PRODUCTS_DIR; };
		42806F1A2979FA7F002AD464 /* Vehicle_to_GridApp.swift */ = {isa = PBXFileReference; lastKnownFileType = sourcecode.swift; path = Vehicle_to_GridApp.swift; sourceTree = "<group>"; };
		42806F1C2979FA7F002AD464 /* LoginView.swift */ = {isa = PBXFileReference; lastKnownFileType = sourcecode.swift; path = LoginView.swift; sourceTree = "<group>"; };
		42806F1E2979FA82002AD464 /* Assets.xcassets */ = {isa = PBXFileReference; lastKnownFileType = folder.assetcatalog; path = Assets.xcassets; sourceTree = "<group>"; };
		42806F212979FA82002AD464 /* Preview Assets.xcassets */ = {isa = PBXFileReference; lastKnownFileType = folder.assetcatalog; path = "Preview Assets.xcassets"; sourceTree = "<group>"; };
		42E881E429A16F2B00EC6016 /* MainView.swift */ = {isa = PBXFileReference; lastKnownFileType = sourcecode.swift; path = MainView.swift; sourceTree = "<group>"; };
		522DD90E29899B020023FE84 /* GoogleService-Info.plist */ = {isa = PBXFileReference; lastKnownFileType = text.plist.xml; path = "GoogleService-Info.plist"; sourceTree = "<group>"; };
		52314C7C29A551AC0038149E /* UserViewModel.swift */ = {isa = PBXFileReference; lastKnownFileType = sourcecode.swift; path = UserViewModel.swift; sourceTree = "<group>"; };
		52CC76992992E174001CE16B /* UserModel.swift */ = {isa = PBXFileReference; lastKnownFileType = sourcecode.swift; path = UserModel.swift; sourceTree = "<group>"; };
		5B472A73299EF36C00A88595 /* RegisterView.swift */ = {isa = PBXFileReference; lastKnownFileType = sourcecode.swift; path = RegisterView.swift; sourceTree = "<group>"; };
/* End PBXFileReference section */

/* Begin PBXFrameworksBuildPhase section */
		42806F142979FA7F002AD464 /* Frameworks */ = {
			isa = PBXFrameworksBuildPhase;
			buildActionMask = 2147483647;
			files = (
				426FB71C29B243C70059A1A4 /* iPhoneNumberField in Frameworks */,
				522DD91729899C080023FE84 /* FirebaseDatabaseSwift in Frameworks */,
				522DD91529899C080023FE84 /* FirebaseDatabase in Frameworks */,
				522DD91129899C080023FE84 /* FirebaseAuth in Frameworks */,
				522DD91D29899C080023FE84 /* FirebaseFirestoreSwift in Frameworks */,
				522DD91B29899C080023FE84 /* FirebaseFirestoreCombine-Community in Frameworks */,
				522DD91929899C080023FE84 /* FirebaseFirestore in Frameworks */,
				522DD91329899C080023FE84 /* FirebaseAuthCombine-Community in Frameworks */,
			);
			runOnlyForDeploymentPostprocessing = 0;
		};
/* End PBXFrameworksBuildPhase section */

/* Begin PBXGroup section */
		42806F0E2979FA7F002AD464 = {
			isa = PBXGroup;
			children = (
				42806F192979FA7F002AD464 /* Vehicle to Grid */,
				42806F182979FA7F002AD464 /* Products */,
			);
			sourceTree = "<group>";
		};
		42806F182979FA7F002AD464 /* Products */ = {
			isa = PBXGroup;
			children = (
				42806F172979FA7F002AD464 /* Vehicle to Grid.app */,
			);
			name = Products;
			sourceTree = "<group>";
		};
		42806F192979FA7F002AD464 /* Vehicle to Grid */ = {
			isa = PBXGroup;
			children = (
				522DD90E29899B020023FE84 /* GoogleService-Info.plist */,
				42806F1A2979FA7F002AD464 /* Vehicle_to_GridApp.swift */,
				52CC76962992E104001CE16B /* View */,
				52314C7B29A551900038149E /* ViewModel */,
				52CC76942992E0F0001CE16B /* Model */,
				42806F1E2979FA82002AD464 /* Assets.xcassets */,
				42806F202979FA82002AD464 /* Preview Content */,
			);
			path = "Vehicle to Grid";
			sourceTree = "<group>";
		};
		42806F202979FA82002AD464 /* Preview Content */ = {
			isa = PBXGroup;
			children = (
				42806F212979FA82002AD464 /* Preview Assets.xcassets */,
			);
			path = "Preview Content";
			sourceTree = "<group>";
		};
		52314C7B29A551900038149E /* ViewModel */ = {
			isa = PBXGroup;
			children = (
				52314C7C29A551AC0038149E /* UserViewModel.swift */,
			);
			path = ViewModel;
			sourceTree = "<group>";
		};
		52CC76942992E0F0001CE16B /* Model */ = {
			isa = PBXGroup;
			children = (
				52CC76992992E174001CE16B /* UserModel.swift */,
			);
			path = Model;
			sourceTree = "<group>";
		};
		52CC76962992E104001CE16B /* View */ = {
			isa = PBXGroup;
			children = (
				42E881E429A16F2B00EC6016 /* MainView.swift */,
				42806F1C2979FA7F002AD464 /* LoginView.swift */,
				5B472A73299EF36C00A88595 /* RegisterView.swift */,
			);
			path = View;
			sourceTree = "<group>";
		};
/* End PBXGroup section */

/* Begin PBXNativeTarget section */
		42806F162979FA7F002AD464 /* Vehicle to Grid */ = {
			isa = PBXNativeTarget;
			buildConfigurationList = 42806F252979FA82002AD464 /* Build configuration list for PBXNativeTarget "Vehicle to Grid" */;
			buildPhases = (
				42806F132979FA7F002AD464 /* Sources */,
				42806F142979FA7F002AD464 /* Frameworks */,
				42806F152979FA7F002AD464 /* Resources */,
			);
			buildRules = (
			);
			dependencies = (
			);
			name = "Vehicle to Grid";
			packageProductDependencies = (
				522DD91029899C080023FE84 /* FirebaseAuth */,
				522DD91229899C080023FE84 /* FirebaseAuthCombine-Community */,
				522DD91429899C080023FE84 /* FirebaseDatabase */,
				522DD91629899C080023FE84 /* FirebaseDatabaseSwift */,
				522DD91829899C080023FE84 /* FirebaseFirestore */,
				522DD91A29899C080023FE84 /* FirebaseFirestoreCombine-Community */,
				522DD91C29899C080023FE84 /* FirebaseFirestoreSwift */,
				5B472A7629A2B1C900A88595 /* iPhoneNumberField */,
			);
			productName = "Vehicle to Grid";
			productReference = 42806F172979FA7F002AD464 /* Vehicle to Grid.app */;
			productType = "com.apple.product-type.application";
		};
/* End PBXNativeTarget section */

/* Begin PBXProject section */
		42806F0F2979FA7F002AD464 /* Project object */ = {
			isa = PBXProject;
			attributes = {
				BuildIndependentTargetsInParallel = 1;
				LastSwiftUpdateCheck = 1420;
				LastUpgradeCheck = 1420;
				TargetAttributes = {
					42806F162979FA7F002AD464 = {
						CreatedOnToolsVersion = 14.2;
					};
				};
			};
			buildConfigurationList = 42806F122979FA7F002AD464 /* Build configuration list for PBXProject "Vehicle to Grid" */;
			compatibilityVersion = "Xcode 14.0";
			developmentRegion = en;
			hasScannedForEncodings = 0;
			knownRegions = (
				en,
				Base,
			);
			mainGroup = 42806F0E2979FA7F002AD464;
			packageReferences = (
				522DD90F29899C080023FE84 /* XCRemoteSwiftPackageReference "firebase-ios-sdk" */,
				5B472A7529A2B1C800A88595 /* XCRemoteSwiftPackageReference "iPhoneNumberField" */,
				5B472A7829A2B4B900A88595 /* XCRemoteSwiftPackageReference "iTextField" */,
			);
			productRefGroup = 42806F182979FA7F002AD464 /* Products */;
			projectDirPath = "";
			projectRoot = "";
			targets = (
				42806F162979FA7F002AD464 /* Vehicle to Grid */,
			);
		};
/* End PBXProject section */

/* Begin PBXResourcesBuildPhase section */
		42806F152979FA7F002AD464 /* Resources */ = {
			isa = PBXResourcesBuildPhase;
			buildActionMask = 2147483647;
			files = (
				42806F222979FA82002AD464 /* Preview Assets.xcassets in Resources */,
				42806F1F2979FA82002AD464 /* Assets.xcassets in Resources */,
				42E881E3299ECE4E00EC6016 /* GoogleService-Info.plist in Resources */,
			);
			runOnlyForDeploymentPostprocessing = 0;
		};
/* End PBXResourcesBuildPhase section */

/* Begin PBXSourcesBuildPhase section */
		42806F132979FA7F002AD464 /* Sources */ = {
			isa = PBXSourcesBuildPhase;
			buildActionMask = 2147483647;
			files = (
				42E881E529A16F2B00EC6016 /* MainView.swift in Sources */,
				52314C7D29A551AC0038149E /* UserViewModel.swift in Sources */,
				42806F1D2979FA7F002AD464 /* LoginView.swift in Sources */,
				5B472A74299EF36C00A88595 /* RegisterView.swift in Sources */,
				52CC769A2992E174001CE16B /* UserModel.swift in Sources */,
				42806F1B2979FA7F002AD464 /* Vehicle_to_GridApp.swift in Sources */,
			);
			runOnlyForDeploymentPostprocessing = 0;
		};
/* End PBXSourcesBuildPhase section */

/* Begin XCBuildConfiguration section */
		42806F232979FA82002AD464 /* Debug */ = {
			isa = XCBuildConfiguration;
			buildSettings = {
				ALWAYS_SEARCH_USER_PATHS = NO;
				CLANG_ANALYZER_NONNULL = YES;
				CLANG_ANALYZER_NUMBER_OBJECT_CONVERSION = YES_AGGRESSIVE;
				CLANG_CXX_LANGUAGE_STANDARD = "gnu++20";
				CLANG_ENABLE_MODULES = YES;
				CLANG_ENABLE_OBJC_ARC = YES;
				CLANG_ENABLE_OBJC_WEAK = YES;
				CLANG_WARN_BLOCK_CAPTURE_AUTORELEASING = YES;
				CLANG_WARN_BOOL_CONVERSION = YES;
				CLANG_WARN_COMMA = YES;
				CLANG_WARN_CONSTANT_CONVERSION = YES;
				CLANG_WARN_DEPRECATED_OBJC_IMPLEMENTATIONS = YES;
				CLANG_WARN_DIRECT_OBJC_ISA_USAGE = YES_ERROR;
				CLANG_WARN_DOCUMENTATION_COMMENTS = YES;
				CLANG_WARN_EMPTY_BODY = YES;
				CLANG_WARN_ENUM_CONVERSION = YES;
				CLANG_WARN_INFINITE_RECURSION = YES;
				CLANG_WARN_INT_CONVERSION = YES;
				CLANG_WARN_NON_LITERAL_NULL_CONVERSION = YES;
				CLANG_WARN_OBJC_IMPLICIT_RETAIN_SELF = YES;
				CLANG_WARN_OBJC_LITERAL_CONVERSION = YES;
				CLANG_WARN_OBJC_ROOT_CLASS = YES_ERROR;
				CLANG_WARN_QUOTED_INCLUDE_IN_FRAMEWORK_HEADER = YES;
				CLANG_WARN_RANGE_LOOP_ANALYSIS = YES;
				CLANG_WARN_STRICT_PROTOTYPES = YES;
				CLANG_WARN_SUSPICIOUS_MOVE = YES;
				CLANG_WARN_UNGUARDED_AVAILABILITY = YES_AGGRESSIVE;
				CLANG_WARN_UNREACHABLE_CODE = YES;
				CLANG_WARN__DUPLICATE_METHOD_MATCH = YES;
				COPY_PHASE_STRIP = NO;
				DEBUG_INFORMATION_FORMAT = dwarf;
				ENABLE_STRICT_OBJC_MSGSEND = YES;
				ENABLE_TESTABILITY = YES;
				GCC_C_LANGUAGE_STANDARD = gnu11;
				GCC_DYNAMIC_NO_PIC = NO;
				GCC_NO_COMMON_BLOCKS = YES;
				GCC_OPTIMIZATION_LEVEL = 0;
				GCC_PREPROCESSOR_DEFINITIONS = (
					"DEBUG=1",
					"$(inherited)",
				);
				GCC_WARN_64_TO_32_BIT_CONVERSION = YES;
				GCC_WARN_ABOUT_RETURN_TYPE = YES_ERROR;
				GCC_WARN_UNDECLARED_SELECTOR = YES;
				GCC_WARN_UNINITIALIZED_AUTOS = YES_AGGRESSIVE;
				GCC_WARN_UNUSED_FUNCTION = YES;
				GCC_WARN_UNUSED_VARIABLE = YES;
				IPHONEOS_DEPLOYMENT_TARGET = 16.2;
				MTL_ENABLE_DEBUG_INFO = INCLUDE_SOURCE;
				MTL_FAST_MATH = YES;
				ONLY_ACTIVE_ARCH = YES;
				SDKROOT = iphoneos;
				SWIFT_ACTIVE_COMPILATION_CONDITIONS = DEBUG;
				SWIFT_OPTIMIZATION_LEVEL = "-Onone";
			};
			name = Debug;
		};
		42806F242979FA82002AD464 /* Release */ = {
			isa = XCBuildConfiguration;
			buildSettings = {
				ALWAYS_SEARCH_USER_PATHS = NO;
				CLANG_ANALYZER_NONNULL = YES;
				CLANG_ANALYZER_NUMBER_OBJECT_CONVERSION = YES_AGGRESSIVE;
				CLANG_CXX_LANGUAGE_STANDARD = "gnu++20";
				CLANG_ENABLE_MODULES = YES;
				CLANG_ENABLE_OBJC_ARC = YES;
				CLANG_ENABLE_OBJC_WEAK = YES;
				CLANG_WARN_BLOCK_CAPTURE_AUTORELEASING = YES;
				CLANG_WARN_BOOL_CONVERSION = YES;
				CLANG_WARN_COMMA = YES;
				CLANG_WARN_CONSTANT_CONVERSION = YES;
				CLANG_WARN_DEPRECATED_OBJC_IMPLEMENTATIONS = YES;
				CLANG_WARN_DIRECT_OBJC_ISA_USAGE = YES_ERROR;
				CLANG_WARN_DOCUMENTATION_COMMENTS = YES;
				CLANG_WARN_EMPTY_BODY = YES;
				CLANG_WARN_ENUM_CONVERSION = YES;
				CLANG_WARN_INFINITE_RECURSION = YES;
				CLANG_WARN_INT_CONVERSION = YES;
				CLANG_WARN_NON_LITERAL_NULL_CONVERSION = YES;
				CLANG_WARN_OBJC_IMPLICIT_RETAIN_SELF = YES;
				CLANG_WARN_OBJC_LITERAL_CONVERSION = YES;
				CLANG_WARN_OBJC_ROOT_CLASS = YES_ERROR;
				CLANG_WARN_QUOTED_INCLUDE_IN_FRAMEWORK_HEADER = YES;
				CLANG_WARN_RANGE_LOOP_ANALYSIS = YES;
				CLANG_WARN_STRICT_PROTOTYPES = YES;
				CLANG_WARN_SUSPICIOUS_MOVE = YES;
				CLANG_WARN_UNGUARDED_AVAILABILITY = YES_AGGRESSIVE;
				CLANG_WARN_UNREACHABLE_CODE = YES;
				CLANG_WARN__DUPLICATE_METHOD_MATCH = YES;
				COPY_PHASE_STRIP = NO;
				DEBUG_INFORMATION_FORMAT = "dwarf-with-dsym";
				ENABLE_NS_ASSERTIONS = NO;
				ENABLE_STRICT_OBJC_MSGSEND = YES;
				GCC_C_LANGUAGE_STANDARD = gnu11;
				GCC_NO_COMMON_BLOCKS = YES;
				GCC_WARN_64_TO_32_BIT_CONVERSION = YES;
				GCC_WARN_ABOUT_RETURN_TYPE = YES_ERROR;
				GCC_WARN_UNDECLARED_SELECTOR = YES;
				GCC_WARN_UNINITIALIZED_AUTOS = YES_AGGRESSIVE;
				GCC_WARN_UNUSED_FUNCTION = YES;
				GCC_WARN_UNUSED_VARIABLE = YES;
				IPHONEOS_DEPLOYMENT_TARGET = 16.2;
				MTL_ENABLE_DEBUG_INFO = NO;
				MTL_FAST_MATH = YES;
				SDKROOT = iphoneos;
				SWIFT_COMPILATION_MODE = wholemodule;
				SWIFT_OPTIMIZATION_LEVEL = "-O";
				VALIDATE_PRODUCT = YES;
			};
			name = Release;
		};
		42806F262979FA82002AD464 /* Debug */ = {
			isa = XCBuildConfiguration;
			buildSettings = {
				ASSETCATALOG_COMPILER_APPICON_NAME = AppIcon;
				ASSETCATALOG_COMPILER_GLOBAL_ACCENT_COLOR_NAME = AccentColor;
				CODE_SIGN_STYLE = Automatic;
				CURRENT_PROJECT_VERSION = 1;
				DEVELOPMENT_ASSET_PATHS = "\"Vehicle to Grid/Preview Content\"";
				DEVELOPMENT_TEAM = "";
				ENABLE_PREVIEWS = YES;
				GENERATE_INFOPLIST_FILE = YES;
				INFOPLIST_KEY_UIApplicationSceneManifest_Generation = YES;
				INFOPLIST_KEY_UIApplicationSupportsIndirectInputEvents = YES;
				INFOPLIST_KEY_UILaunchScreen_Generation = YES;
				INFOPLIST_KEY_UISupportedInterfaceOrientations_iPad = "UIInterfaceOrientationPortrait UIInterfaceOrientationPortraitUpsideDown UIInterfaceOrientationLandscapeLeft UIInterfaceOrientationLandscapeRight";
				INFOPLIST_KEY_UISupportedInterfaceOrientations_iPhone = "UIInterfaceOrientationPortrait UIInterfaceOrientationLandscapeLeft UIInterfaceOrientationLandscapeRight";
				LD_RUNPATH_SEARCH_PATHS = (
					"$(inherited)",
					"@executable_path/Frameworks",
				);
				MARKETING_VERSION = 1.0;
				PRODUCT_BUNDLE_IDENTIFIER = "edu.uark.capstone.Vehicle-to-Grid";
				PRODUCT_NAME = "$(TARGET_NAME)";
				SWIFT_EMIT_LOC_STRINGS = YES;
				SWIFT_VERSION = 5.0;
				TARGETED_DEVICE_FAMILY = "1,2";
			};
			name = Debug;
		};
		42806F272979FA82002AD464 /* Release */ = {
			isa = XCBuildConfiguration;
			buildSettings = {
				ASSETCATALOG_COMPILER_APPICON_NAME = AppIcon;
				ASSETCATALOG_COMPILER_GLOBAL_ACCENT_COLOR_NAME = AccentColor;
				CODE_SIGN_STYLE = Automatic;
				CURRENT_PROJECT_VERSION = 1;
				DEVELOPMENT_ASSET_PATHS = "\"Vehicle to Grid/Preview Content\"";
				DEVELOPMENT_TEAM = "";
				ENABLE_PREVIEWS = YES;
				GENERATE_INFOPLIST_FILE = YES;
				INFOPLIST_KEY_UIApplicationSceneManifest_Generation = YES;
				INFOPLIST_KEY_UIApplicationSupportsIndirectInputEvents = YES;
				INFOPLIST_KEY_UILaunchScreen_Generation = YES;
				INFOPLIST_KEY_UISupportedInterfaceOrientations_iPad = "UIInterfaceOrientationPortrait UIInterfaceOrientationPortraitUpsideDown UIInterfaceOrientationLandscapeLeft UIInterfaceOrientationLandscapeRight";
				INFOPLIST_KEY_UISupportedInterfaceOrientations_iPhone = "UIInterfaceOrientationPortrait UIInterfaceOrientationLandscapeLeft UIInterfaceOrientationLandscapeRight";
				LD_RUNPATH_SEARCH_PATHS = (
					"$(inherited)",
					"@executable_path/Frameworks",
				);
				MARKETING_VERSION = 1.0;
				PRODUCT_BUNDLE_IDENTIFIER = "edu.uark.capstone.Vehicle-to-Grid";
				PRODUCT_NAME = "$(TARGET_NAME)";
				SWIFT_EMIT_LOC_STRINGS = YES;
				SWIFT_VERSION = 5.0;
				TARGETED_DEVICE_FAMILY = "1,2";
			};
			name = Release;
		};
/* End XCBuildConfiguration section */

/* Begin XCConfigurationList section */
		42806F122979FA7F002AD464 /* Build configuration list for PBXProject "Vehicle to Grid" */ = {
			isa = XCConfigurationList;
			buildConfigurations = (
				42806F232979FA82002AD464 /* Debug */,
				42806F242979FA82002AD464 /* Release */,
			);
			defaultConfigurationIsVisible = 0;
			defaultConfigurationName = Release;
		};
		42806F252979FA82002AD464 /* Build configuration list for PBXNativeTarget "Vehicle to Grid" */ = {
			isa = XCConfigurationList;
			buildConfigurations = (
				42806F262979FA82002AD464 /* Debug */,
				42806F272979FA82002AD464 /* Release */,
			);
			defaultConfigurationIsVisible = 0;
			defaultConfigurationName = Release;
		};
/* End XCConfigurationList section */

/* Begin XCRemoteSwiftPackageReference section */
		522DD90F29899C080023FE84 /* XCRemoteSwiftPackageReference "firebase-ios-sdk" */ = {
			isa = XCRemoteSwiftPackageReference;
			repositoryURL = "https://github.com/firebase/firebase-ios-sdk";
			requirement = {
				branch = master;
				kind = branch;
			};
		};
		5B472A7529A2B1C800A88595 /* XCRemoteSwiftPackageReference "iPhoneNumberField" */ = {
			isa = XCRemoteSwiftPackageReference;
			repositoryURL = "https://github.com/MojtabaHs/iPhoneNumberField.git";
			requirement = {
				kind = upToNextMajorVersion;
				minimumVersion = 0.9.0;
			};
		};
		5B472A7829A2B4B900A88595 /* XCRemoteSwiftPackageReference "iTextField" */ = {
			isa = XCRemoteSwiftPackageReference;
			repositoryURL = "https://github.com/benjaminsage/iTextField";
			requirement = {
				kind = upToNextMajorVersion;
				minimumVersion = 0.0.8;
			};
		};
/* End XCRemoteSwiftPackageReference section */

/* Begin XCSwiftPackageProductDependency section */
		522DD91029899C080023FE84 /* FirebaseAuth */ = {
			isa = XCSwiftPackageProductDependency;
			package = 522DD90F29899C080023FE84 /* XCRemoteSwiftPackageReference "firebase-ios-sdk" */;
			productName = FirebaseAuth;
		};
		522DD91229899C080023FE84 /* FirebaseAuthCombine-Community */ = {
			isa = XCSwiftPackageProductDependency;
			package = 522DD90F29899C080023FE84 /* XCRemoteSwiftPackageReference "firebase-ios-sdk" */;
			productName = "FirebaseAuthCombine-Community";
		};
		522DD91429899C080023FE84 /* FirebaseDatabase */ = {
			isa = XCSwiftPackageProductDependency;
			package = 522DD90F29899C080023FE84 /* XCRemoteSwiftPackageReference "firebase-ios-sdk" */;
			productName = FirebaseDatabase;
		};
		522DD91629899C080023FE84 /* FirebaseDatabaseSwift */ = {
			isa = XCSwiftPackageProductDependency;
			package = 522DD90F29899C080023FE84 /* XCRemoteSwiftPackageReference "firebase-ios-sdk" */;
			productName = FirebaseDatabaseSwift;
		};
		522DD91829899C080023FE84 /* FirebaseFirestore */ = {
			isa = XCSwiftPackageProductDependency;
			package = 522DD90F29899C080023FE84 /* XCRemoteSwiftPackageReference "firebase-ios-sdk" */;
			productName = FirebaseFirestore;
		};
		522DD91A29899C080023FE84 /* FirebaseFirestoreCombine-Community */ = {
			isa = XCSwiftPackageProductDependency;
			package = 522DD90F29899C080023FE84 /* XCRemoteSwiftPackageReference "firebase-ios-sdk" */;
			productName = "FirebaseFirestoreCombine-Community";
		};
		522DD91C29899C080023FE84 /* FirebaseFirestoreSwift */ = {
			isa = XCSwiftPackageProductDependency;
			package = 522DD90F29899C080023FE84 /* XCRemoteSwiftPackageReference "firebase-ios-sdk" */;
			productName = FirebaseFirestoreSwift;
		};
		5B472A7629A2B1C900A88595 /* iPhoneNumberField */ = {
			isa = XCSwiftPackageProductDependency;
			package = 5B472A7529A2B1C800A88595 /* XCRemoteSwiftPackageReference "iPhoneNumberField" */;
			productName = iPhoneNumberField;
		};
/* End XCSwiftPackageProductDependency section */
	};
	rootObject = 42806F0F2979FA7F002AD464 /* Project object */;
}
